
Microsoft Visual Studio Solution File, Format Version 12.00
# Visual Studio 15
VisualStudioVersion = 15.0.27703.2042
MinimumVisualStudioVersion = 10.0.40219.1
Project("{8BC9CEB8-8B4A-11D0-8D11-00A0C91BC942}") = "PP11.AbstractClass", "PP11.AbstractClass.vcxproj", "{065993F5-3EB2-45A7-8DF7-C877E0605AFA}"
EndProject
Global
	GlobalSection(SolutionConfigurationPlatforms) = preSolution
		Debug|x64 = Debug|x64
		Debug|x86 = Debug|x86
		Release|x64 = Release|x64
		Release|x86 = Release|x86
	EndGlobalSection
	GlobalSection(ProjectConfigurationPlatforms) = postSolution
		{065993F5-3EB2-45A7-8DF7-C877E0605AFA}.Debug|x64.ActiveCfg = Debug|x64
		{065993F5-3EB2-45A7-8DF7-C877E0605AFA}.Debug|x64.Build.0 = Debug|x64
		{065993F5-3EB2-45A7-8DF7-C877E0605AFA}.Debug|x86.ActiveCfg = Debug|Win32
		{065993F5-3EB2-45A7-8DF7-C877E0605AFA}.Debug|x86.Build.0 = Debug|Win32
		{065993F5-3EB2-45A7-8DF7-C877E0605AFA}.Release|x64.ActiveCfg = Release|x64
		{065993F5-3EB2-45A7-8DF7-C877E0605AFA}.Release|x64.Build.0 = Release|x64
		{065993F5-3EB2-45A7-8DF7-C877E0605AFA}.Release|x86.ActiveCfg = Release|Win32
		{065993F5-3EB2-45A7-8DF7-C877E0605AFA}.Release|x86.Build.0 = Release|Win32
	EndGlobalSection
	GlobalSection(SolutionProperties) = preSolution
		HideSolutionNode = FALSE
	EndGlobalSection
	GlobalSection(ExtensibilityGlobals) = postSolution
		SolutionGuid = {56E8F12D-55BF-4D82-96B5-15042B021C31}
	EndGlobalSection
EndGlobal
